
Microsoft Visual Studio Solution File, Format Version 12.00
# Visual Studio 15
VisualStudioVersion = 15.0.26228.12
MinimumVisualStudioVersion = 10.0.40219.1
Project("{FAE04EC0-301F-11D3-BF4B-00C04F79EFBC}") = "Realm.KeyValueStorage", "Realm.KeyValueStorage\Realm.KeyValueStorage.csproj", "{440A6D88-39B6-4346-A7D1-17FD5E006E4B}"
EndProject
Project("{FAE04EC0-301F-11D3-BF4B-00C04F79EFBC}") = "Realm.KeyValueStorage.Tests", "Realm.KeyValueStorage.Tests\Realm.KeyValueStorage.Tests.csproj", "{4643B987-3274-4FF6-B111-AF4055698905}"
EndProject
Global
	GlobalSection(SolutionConfigurationPlatforms) = preSolution
		Debug|Any CPU = Debug|Any CPU
		Release|Any CPU = Release|Any CPU
	EndGlobalSection
	GlobalSection(ProjectConfigurationPlatforms) = postSolution
		{440A6D88-39B6-4346-A7D1-17FD5E006E4B}.Debug|Any CPU.ActiveCfg = Debug|Any CPU
		{440A6D88-39B6-4346-A7D1-17FD5E006E4B}.Debug|Any CPU.Build.0 = Debug|Any CPU
		{440A6D88-39B6-4346-A7D1-17FD5E006E4B}.Release|Any CPU.ActiveCfg = Release|Any CPU
		{440A6D88-39B6-4346-A7D1-17FD5E006E4B}.Release|Any CPU.Build.0 = Release|Any CPU
		{4643B987-3274-4FF6-B111-AF4055698905}.Debug|Any CPU.ActiveCfg = Debug|Any CPU
		{4643B987-3274-4FF6-B111-AF4055698905}.Debug|Any CPU.Build.0 = Debug|Any CPU
		{4643B987-3274-4FF6-B111-AF4055698905}.Release|Any CPU.ActiveCfg = Release|Any CPU
		{4643B987-3274-4FF6-B111-AF4055698905}.Release|Any CPU.Build.0 = Release|Any CPU
	EndGlobalSection
	GlobalSection(SolutionProperties) = preSolution
		HideSolutionNode = FALSE
	EndGlobalSection
EndGlobal
